
Microsoft Visual Studio Solution File, Format Version 12.00
# Visual Studio Version 16
VisualStudioVersion = 16.0.30717.126
MinimumVisualStudioVersion = 10.0.40219.1
Project("{FAE04EC0-301F-11D3-BF4B-00C04F79EFBC}") = "Tracing-demo", "Tracing-demo\Tracing-demo.csproj", "{546FB624-BCE0-47E8-B065-14CCF8B71EEC}"
EndProject
Global
	GlobalSection(SolutionConfigurationPlatforms) = preSolution
		Debug|Any CPU = Debug|Any CPU
		Release|Any CPU = Release|Any CPU
	EndGlobalSection
	GlobalSection(ProjectConfigurationPlatforms) = postSolution
		{546FB624-BCE0-47E8-B065-14CCF8B71EEC}.Debug|Any CPU.ActiveCfg = Debug|Any CPU
		{546FB624-BCE0-47E8-B065-14CCF8B71EEC}.Debug|Any CPU.Build.0 = Debug|Any CPU
		{546FB624-BCE0-47E8-B065-14CCF8B71EEC}.Release|Any CPU.ActiveCfg = Release|Any CPU
		{546FB624-BCE0-47E8-B065-14CCF8B71EEC}.Release|Any CPU.Build.0 = Release|Any CPU
	EndGlobalSection
	GlobalSection(SolutionProperties) = preSolution
		HideSolutionNode = FALSE
	EndGlobalSection
	GlobalSection(ExtensibilityGlobals) = postSolution
		SolutionGuid = {1C7A9BC3-E128-43D0-89D1-410A03002CFD}
	EndGlobalSection
EndGlobal
